// !$*UTF8*$!
{
	archiveVersion = 1;
	classes = {
	};
	objectVersion = 56;
	objects = {

/* Begin PBXBuildFile section */
		200097D32B827A26002BFB3F /* AppDelegate.swift in Sources */ = {isa = PBXBuildFile; fileRef = 200097D22B827A26002BFB3F /* AppDelegate.swift */; };
		200097D52B827A26002BFB3F /* SceneDelegate.swift in Sources */ = {isa = PBXBuildFile; fileRef = 200097D42B827A26002BFB3F /* SceneDelegate.swift */; };
		200097D72B827A26002BFB3F /* SearchVC.swift in Sources */ = {isa = PBXBuildFile; fileRef = 200097D62B827A26002BFB3F /* SearchVC.swift */; };
		200097DC2B827A27002BFB3F /* Assets.xcassets in Resources */ = {isa = PBXBuildFile; fileRef = 200097DB2B827A27002BFB3F /* Assets.xcassets */; };
		200097DF2B827A27002BFB3F /* LaunchScreen.storyboard in Resources */ = {isa = PBXBuildFile; fileRef = 200097DD2B827A27002BFB3F /* LaunchScreen.storyboard */; };
		201F8A292BB0F62400897744 /* UserInfoVC.swift in Sources */ = {isa = PBXBuildFile; fileRef = 201F8A282BB0F62400897744 /* UserInfoVC.swift */; };
		201F8A2B2BB103F500897744 /* GFUserInfoHeaderVC.swift in Sources */ = {isa = PBXBuildFile; fileRef = 201F8A2A2BB103F500897744 /* GFUserInfoHeaderVC.swift */; };
		201F8A2D2BB1055400897744 /* GFSecondaryTitleLabel.swift in Sources */ = {isa = PBXBuildFile; fileRef = 201F8A2C2BB1055400897744 /* GFSecondaryTitleLabel.swift */; };
		202CED232B8AB8B500477AB5 /* GFError.swift in Sources */ = {isa = PBXBuildFile; fileRef = 202CED222B8AB8B500477AB5 /* GFError.swift */; };
		2067B5702BBB43D900817858 /* PresistenceManager.swift in Sources */ = {isa = PBXBuildFile; fileRef = 2067B56F2BBB43D900817858 /* PresistenceManager.swift */; };
		2067B5722BBB55F900817858 /* FavoriteCell.swift in Sources */ = {isa = PBXBuildFile; fileRef = 2067B5712BBB55F900817858 /* FavoriteCell.swift */; };
		207CE0602BACB2E600ED19B4 /* GFEmptyStateView.swift in Sources */ = {isa = PBXBuildFile; fileRef = 207CE05F2BACB2E600ED19B4 /* GFEmptyStateView.swift */; };
		208A07ED2BB23DE100F8FEB2 /* GFItemInfoView.swift in Sources */ = {isa = PBXBuildFile; fileRef = 208A07EC2BB23DE100F8FEB2 /* GFItemInfoView.swift */; };
		208A07EF2BB244A100F8FEB2 /* GFItemInfoVC.swift in Sources */ = {isa = PBXBuildFile; fileRef = 208A07EE2BB244A100F8FEB2 /* GFItemInfoVC.swift */; };
		208A07F12BB2492C00F8FEB2 /* GFRepoItemVC.swift in Sources */ = {isa = PBXBuildFile; fileRef = 208A07F02BB2492C00F8FEB2 /* GFRepoItemVC.swift */; };
		208A07F32BB24A0100F8FEB2 /* GFFollowerItemVC.swift in Sources */ = {isa = PBXBuildFile; fileRef = 208A07F22BB24A0100F8FEB2 /* GFFollowerItemVC.swift */; };
		208F74B62BB6063C00BB54F0 /* Date+Ext.swift in Sources */ = {isa = PBXBuildFile; fileRef = 208F74B52BB6063C00BB54F0 /* Date+Ext.swift */; };
		208F74B82BB6069900BB54F0 /* String+Ext.swift in Sources */ = {isa = PBXBuildFile; fileRef = 208F74B72BB6069900BB54F0 /* String+Ext.swift */; };
		20A25CC02B88315000F3FEE7 /* Follower.swift in Sources */ = {isa = PBXBuildFile; fileRef = 20A25CBF2B88315000F3FEE7 /* Follower.swift */; };
		20A25CC22B88323E00F3FEE7 /* User.swift in Sources */ = {isa = PBXBuildFile; fileRef = 20A25CC12B88323E00F3FEE7 /* User.swift */; };
		20A25CC52B883D9600F3FEE7 /* NetworkManager.swift in Sources */ = {isa = PBXBuildFile; fileRef = 20A25CC42B883D9600F3FEE7 /* NetworkManager.swift */; };
		20A3259B2B83D3C600D741C0 /* FavoritesListVC.swift in Sources */ = {isa = PBXBuildFile; fileRef = 20A3259A2B83D3C600D741C0 /* FavoritesListVC.swift */; };
		20A3259D2B83DAAD00D741C0 /* GFButton.swift in Sources */ = {isa = PBXBuildFile; fileRef = 20A3259C2B83DAAD00D741C0 /* GFButton.swift */; };
		20A3259F2B83DE0200D741C0 /* GFTextField.swift in Sources */ = {isa = PBXBuildFile; fileRef = 20A3259E2B83DE0200D741C0 /* GFTextField.swift */; };
		20A325A12B83E30E00D741C0 /* Constants.swift in Sources */ = {isa = PBXBuildFile; fileRef = 20A325A02B83E30E00D741C0 /* Constants.swift */; };
		20A325A32B83EABF00D741C0 /* FollowerListVC.swift in Sources */ = {isa = PBXBuildFile; fileRef = 20A325A22B83EABF00D741C0 /* FollowerListVC.swift */; };
		20C1F4A42BAB63A000F01A23 /* FollowerCell.swift in Sources */ = {isa = PBXBuildFile; fileRef = 20C1F4A32BAB63A000F01A23 /* FollowerCell.swift */; };
		20C1F4A62BAB642F00F01A23 /* GFAvatarImageView.swift in Sources */ = {isa = PBXBuildFile; fileRef = 20C1F4A52BAB642F00F01A23 /* GFAvatarImageView.swift */; };
		20C1F4A82BAB72CC00F01A23 /* UIHelper.swift in Sources */ = {isa = PBXBuildFile; fileRef = 20C1F4A72BAB72CC00F01A23 /* UIHelper.swift */; };
		20E400B02B84C28100855414 /* GFTitleLabel.swift in Sources */ = {isa = PBXBuildFile; fileRef = 20E400AF2B84C28100855414 /* GFTitleLabel.swift */; };
		20E400B22B84C3DD00855414 /* GFBodyLabel.swift in Sources */ = {isa = PBXBuildFile; fileRef = 20E400B12B84C3DD00855414 /* GFBodyLabel.swift */; };
		20E400B42B84C4B300855414 /* GFAlertVC.swift in Sources */ = {isa = PBXBuildFile; fileRef = 20E400B32B84C4B300855414 /* GFAlertVC.swift */; };
		20E400B62B84CCD600855414 /* UIViewController+Ext.swift in Sources */ = {isa = PBXBuildFile; fileRef = 20E400B52B84CCD600855414 /* UIViewController+Ext.swift */; };
/* End PBXBuildFile section */

/* Begin PBXFileReference section */
		200097CF2B827A26002BFB3F /* Github Followers.app */ = {isa = PBXFileReference; explicitFileType = wrapper.application; includeInIndex = 0; path = "Github Followers.app"; sourceTree = BUILT_PRODUCTS_DIR; };
		200097D22B827A26002BFB3F /* AppDelegate.swift */ = {isa = PBXFileReference; lastKnownFileType = sourcecode.swift; path = AppDelegate.swift; sourceTree = "<group>"; };
		200097D42B827A26002BFB3F /* SceneDelegate.swift */ = {isa = PBXFileReference; lastKnownFileType = sourcecode.swift; path = SceneDelegate.swift; sourceTree = "<group>"; };
		200097D62B827A26002BFB3F /* SearchVC.swift */ = {isa = PBXFileReference; lastKnownFileType = sourcecode.swift; path = SearchVC.swift; sourceTree = "<group>"; };
		200097DB2B827A27002BFB3F /* Assets.xcassets */ = {isa = PBXFileReference; lastKnownFileType = folder.assetcatalog; path = Assets.xcassets; sourceTree = "<group>"; };
		200097DE2B827A27002BFB3F /* Base */ = {isa = PBXFileReference; lastKnownFileType = file.storyboard; name = Base; path = Base.lproj/LaunchScreen.storyboard; sourceTree = "<group>"; };
		200097E02B827A27002BFB3F /* Info.plist */ = {isa = PBXFileReference; lastKnownFileType = text.plist.xml; path = Info.plist; sourceTree = "<group>"; };
		201F8A282BB0F62400897744 /* UserInfoVC.swift */ = {isa = PBXFileReference; lastKnownFileType = sourcecode.swift; path = UserInfoVC.swift; sourceTree = "<group>"; };
		201F8A2A2BB103F500897744 /* GFUserInfoHeaderVC.swift */ = {isa = PBXFileReference; lastKnownFileType = sourcecode.swift; path = GFUserInfoHeaderVC.swift; sourceTree = "<group>"; };
		201F8A2C2BB1055400897744 /* GFSecondaryTitleLabel.swift */ = {isa = PBXFileReference; lastKnownFileType = sourcecode.swift; path = GFSecondaryTitleLabel.swift; sourceTree = "<group>"; };
		202CED222B8AB8B500477AB5 /* GFError.swift */ = {isa = PBXFileReference; lastKnownFileType = sourcecode.swift; path = GFError.swift; sourceTree = "<group>"; };
		2067B56F2BBB43D900817858 /* PresistenceManager.swift */ = {isa = PBXFileReference; lastKnownFileType = sourcecode.swift; path = PresistenceManager.swift; sourceTree = "<group>"; };
		2067B5712BBB55F900817858 /* FavoriteCell.swift */ = {isa = PBXFileReference; lastKnownFileType = sourcecode.swift; path = FavoriteCell.swift; sourceTree = "<group>"; };
		207CE05F2BACB2E600ED19B4 /* GFEmptyStateView.swift */ = {isa = PBXFileReference; lastKnownFileType = sourcecode.swift; path = GFEmptyStateView.swift; sourceTree = "<group>"; };
		208A07EC2BB23DE100F8FEB2 /* GFItemInfoView.swift */ = {isa = PBXFileReference; lastKnownFileType = sourcecode.swift; path = GFItemInfoView.swift; sourceTree = "<group>"; };
		208A07EE2BB244A100F8FEB2 /* GFItemInfoVC.swift */ = {isa = PBXFileReference; lastKnownFileType = sourcecode.swift; path = GFItemInfoVC.swift; sourceTree = "<group>"; };
		208A07F02BB2492C00F8FEB2 /* GFRepoItemVC.swift */ = {isa = PBXFileReference; lastKnownFileType = sourcecode.swift; path = GFRepoItemVC.swift; sourceTree = "<group>"; };
		208A07F22BB24A0100F8FEB2 /* GFFollowerItemVC.swift */ = {isa = PBXFileReference; lastKnownFileType = sourcecode.swift; path = GFFollowerItemVC.swift; sourceTree = "<group>"; };
		208F74B52BB6063C00BB54F0 /* Date+Ext.swift */ = {isa = PBXFileReference; lastKnownFileType = sourcecode.swift; path = "Date+Ext.swift"; sourceTree = "<group>"; };
		208F74B72BB6069900BB54F0 /* String+Ext.swift */ = {isa = PBXFileReference; lastKnownFileType = sourcecode.swift; path = "String+Ext.swift"; sourceTree = "<group>"; };
		20A25CBF2B88315000F3FEE7 /* Follower.swift */ = {isa = PBXFileReference; lastKnownFileType = sourcecode.swift; path = Follower.swift; sourceTree = "<group>"; };
		20A25CC12B88323E00F3FEE7 /* User.swift */ = {isa = PBXFileReference; lastKnownFileType = sourcecode.swift; path = User.swift; sourceTree = "<group>"; };
		20A25CC42B883D9600F3FEE7 /* NetworkManager.swift */ = {isa = PBXFileReference; lastKnownFileType = sourcecode.swift; path = NetworkManager.swift; sourceTree = "<group>"; };
		20A3259A2B83D3C600D741C0 /* FavoritesListVC.swift */ = {isa = PBXFileReference; lastKnownFileType = sourcecode.swift; path = FavoritesListVC.swift; sourceTree = "<group>"; };
		20A3259C2B83DAAD00D741C0 /* GFButton.swift */ = {isa = PBXFileReference; lastKnownFileType = sourcecode.swift; path = GFButton.swift; sourceTree = "<group>"; };
		20A3259E2B83DE0200D741C0 /* GFTextField.swift */ = {isa = PBXFileReference; lastKnownFileType = sourcecode.swift; path = GFTextField.swift; sourceTree = "<group>"; };
		20A325A02B83E30E00D741C0 /* Constants.swift */ = {isa = PBXFileReference; lastKnownFileType = sourcecode.swift; path = Constants.swift; sourceTree = "<group>"; };
		20A325A22B83EABF00D741C0 /* FollowerListVC.swift */ = {isa = PBXFileReference; lastKnownFileType = sourcecode.swift; path = FollowerListVC.swift; sourceTree = "<group>"; };
		20C1F4A32BAB63A000F01A23 /* FollowerCell.swift */ = {isa = PBXFileReference; lastKnownFileType = sourcecode.swift; path = FollowerCell.swift; sourceTree = "<group>"; };
		20C1F4A52BAB642F00F01A23 /* GFAvatarImageView.swift */ = {isa = PBXFileReference; lastKnownFileType = sourcecode.swift; path = GFAvatarImageView.swift; sourceTree = "<group>"; };
		20C1F4A72BAB72CC00F01A23 /* UIHelper.swift */ = {isa = PBXFileReference; lastKnownFileType = sourcecode.swift; path = UIHelper.swift; sourceTree = "<group>"; };
		20E400AF2B84C28100855414 /* GFTitleLabel.swift */ = {isa = PBXFileReference; lastKnownFileType = sourcecode.swift; path = GFTitleLabel.swift; sourceTree = "<group>"; };
		20E400B12B84C3DD00855414 /* GFBodyLabel.swift */ = {isa = PBXFileReference; lastKnownFileType = sourcecode.swift; path = GFBodyLabel.swift; sourceTree = "<group>"; };
		20E400B32B84C4B300855414 /* GFAlertVC.swift */ = {isa = PBXFileReference; lastKnownFileType = sourcecode.swift; path = GFAlertVC.swift; sourceTree = "<group>"; };
		20E400B52B84CCD600855414 /* UIViewController+Ext.swift */ = {isa = PBXFileReference; lastKnownFileType = sourcecode.swift; path = "UIViewController+Ext.swift"; sourceTree = "<group>"; };
/* End PBXFileReference section */

/* Begin PBXFrameworksBuildPhase section */
		200097CC2B827A26002BFB3F /* Frameworks */ = {
			isa = PBXFrameworksBuildPhase;
			buildActionMask = 2147483647;
			files = (
			);
			runOnlyForDeploymentPostprocessing = 0;
		};
/* End PBXFrameworksBuildPhase section */

/* Begin PBXGroup section */
		200097C62B827A26002BFB3F = {
			isa = PBXGroup;
			children = (
				200097D12B827A26002BFB3F /* Github Followers */,
				200097D02B827A26002BFB3F /* Products */,
			);
			sourceTree = "<group>";
		};
		200097D02B827A26002BFB3F /* Products */ = {
			isa = PBXGroup;
			children = (
				200097CF2B827A26002BFB3F /* Github Followers.app */,
			);
			name = Products;
			sourceTree = "<group>";
		};
		200097D12B827A26002BFB3F /* Github Followers */ = {
			isa = PBXGroup;
			children = (
				20A25CC32B883D4F00F3FEE7 /* Managers */,
				20A25CBE2B88303900F3FEE7 /* Models */,
				20A25CBB2B882EA200F3FEE7 /* Views */,
				20E400B72B84D04000855414 /* Controllers */,
				20A25CBC2B882EBC00F3FEE7 /* Extensions */,
				202CED212B8AB87700477AB5 /* Utilities */,
				20A25CBD2B882F4100F3FEE7 /* Support */,
				200097E02B827A27002BFB3F /* Info.plist */,
			);
			path = "Github Followers";
			sourceTree = "<group>";
		};
		202CED212B8AB87700477AB5 /* Utilities */ = {
			isa = PBXGroup;
			children = (
				202CED222B8AB8B500477AB5 /* GFError.swift */,
				20A325A02B83E30E00D741C0 /* Constants.swift */,
				20C1F4A72BAB72CC00F01A23 /* UIHelper.swift */,
			);
			path = Utilities;
			sourceTree = "<group>";
		};
		207CE0562BACACFD00ED19B4 /* Buttons */ = {
			isa = PBXGroup;
			children = (
				20A3259C2B83DAAD00D741C0 /* GFButton.swift */,
			);
			path = Buttons;
			sourceTree = "<group>";
		};
		207CE0572BACAD0D00ED19B4 /* Cells */ = {
			isa = PBXGroup;
			children = (
				20C1F4A32BAB63A000F01A23 /* FollowerCell.swift */,
				2067B5712BBB55F900817858 /* FavoriteCell.swift */,
			);
			path = Cells;
			sourceTree = "<group>";
		};
		207CE0582BACAD2B00ED19B4 /* Views */ = {
			isa = PBXGroup;
			children = (
				207CE05F2BACB2E600ED19B4 /* GFEmptyStateView.swift */,
				208A07EC2BB23DE100F8FEB2 /* GFItemInfoView.swift */,
			);
			path = Views;
			sourceTree = "<group>";
		};
		207CE0592BACAD3700ED19B4 /* TextFields */ = {
			isa = PBXGroup;
			children = (
				20A3259E2B83DE0200D741C0 /* GFTextField.swift */,
			);
			path = TextFields;
			sourceTree = "<group>";
		};
		207CE05A2BACB14400ED19B4 /* ImageViews */ = {
			isa = PBXGroup;
			children = (
				20C1F4A52BAB642F00F01A23 /* GFAvatarImageView.swift */,
			);
			path = ImageViews;
			sourceTree = "<group>";
		};
		207CE05B2BACB15700ED19B4 /* Labels */ = {
			isa = PBXGroup;
			children = (
				20E400AF2B84C28100855414 /* GFTitleLabel.swift */,
				201F8A2C2BB1055400897744 /* GFSecondaryTitleLabel.swift */,
				20E400B12B84C3DD00855414 /* GFBodyLabel.swift */,
			);
			path = Labels;
			sourceTree = "<group>";
		};
		207CE05C2BACB1F400ED19B4 /* ViewControllers */ = {
			isa = PBXGroup;
			children = (
				208A07F42BB24AAE00F8FEB2 /* ItemInfoVCs */,
				20E400B32B84C4B300855414 /* GFAlertVC.swift */,
				201F8A2A2BB103F500897744 /* GFUserInfoHeaderVC.swift */,
			);
			path = ViewControllers;
			sourceTree = "<group>";
		};
		208A07F42BB24AAE00F8FEB2 /* ItemInfoVCs */ = {
			isa = PBXGroup;
			children = (
				208A07EE2BB244A100F8FEB2 /* GFItemInfoVC.swift */,
				208A07F02BB2492C00F8FEB2 /* GFRepoItemVC.swift */,
				208A07F22BB24A0100F8FEB2 /* GFFollowerItemVC.swift */,
			);
			path = ItemInfoVCs;
			sourceTree = "<group>";
		};
		20A25CBB2B882EA200F3FEE7 /* Views */ = {
			isa = PBXGroup;
			children = (
				207CE0562BACACFD00ED19B4 /* Buttons */,
				207CE0572BACAD0D00ED19B4 /* Cells */,
				207CE05A2BACB14400ED19B4 /* ImageViews */,
				207CE05B2BACB15700ED19B4 /* Labels */,
				207CE0592BACAD3700ED19B4 /* TextFields */,
				207CE0582BACAD2B00ED19B4 /* Views */,
				207CE05C2BACB1F400ED19B4 /* ViewControllers */,
			);
			path = Views;
			sourceTree = "<group>";
		};
		20A25CBC2B882EBC00F3FEE7 /* Extensions */ = {
			isa = PBXGroup;
			children = (
				20E400B52B84CCD600855414 /* UIViewController+Ext.swift */,
				208F74B52BB6063C00BB54F0 /* Date+Ext.swift */,
				208F74B72BB6069900BB54F0 /* String+Ext.swift */,
			);
			path = Extensions;
			sourceTree = "<group>";
		};
		20A25CBD2B882F4100F3FEE7 /* Support */ = {
			isa = PBXGroup;
			children = (
				200097D22B827A26002BFB3F /* AppDelegate.swift */,
				200097D42B827A26002BFB3F /* SceneDelegate.swift */,
				200097DB2B827A27002BFB3F /* Assets.xcassets */,
				200097DD2B827A27002BFB3F /* LaunchScreen.storyboard */,
			);
			path = Support;
			sourceTree = "<group>";
		};
		20A25CBE2B88303900F3FEE7 /* Models */ = {
			isa = PBXGroup;
			children = (
				20A25CBF2B88315000F3FEE7 /* Follower.swift */,
				20A25CC12B88323E00F3FEE7 /* User.swift */,
			);
			path = Models;
			sourceTree = "<group>";
		};
		20A25CC32B883D4F00F3FEE7 /* Managers */ = {
			isa = PBXGroup;
			children = (
				20A25CC42B883D9600F3FEE7 /* NetworkManager.swift */,
				2067B56F2BBB43D900817858 /* PresistenceManager.swift */,
			);
			path = Managers;
			sourceTree = "<group>";
		};
		20E400B72B84D04000855414 /* Controllers */ = {
			isa = PBXGroup;
			children = (
				200097D62B827A26002BFB3F /* SearchVC.swift */,
				20A3259A2B83D3C600D741C0 /* FavoritesListVC.swift */,
				20A325A22B83EABF00D741C0 /* FollowerListVC.swift */,
				201F8A282BB0F62400897744 /* UserInfoVC.swift */,
			);
			path = Controllers;
			sourceTree = "<group>";
		};
/* End PBXGroup section */

/* Begin PBXNativeTarget section */
		200097CE2B827A26002BFB3F /* Github Followers */ = {
			isa = PBXNativeTarget;
			buildConfigurationList = 200097E32B827A27002BFB3F /* Build configuration list for PBXNativeTarget "Github Followers" */;
			buildPhases = (
				200097CB2B827A26002BFB3F /* Sources */,
				200097CC2B827A26002BFB3F /* Frameworks */,
				200097CD2B827A26002BFB3F /* Resources */,
			);
			buildRules = (
			);
			dependencies = (
			);
			name = "Github Followers";
			productName = "Github Followers";
			productReference = 200097CF2B827A26002BFB3F /* Github Followers.app */;
			productType = "com.apple.product-type.application";
		};
/* End PBXNativeTarget section */

/* Begin PBXProject section */
		200097C72B827A26002BFB3F /* Project object */ = {
			isa = PBXProject;
			attributes = {
				BuildIndependentTargetsInParallel = 1;
				LastSwiftUpdateCheck = 1520;
				LastUpgradeCheck = 1520;
				TargetAttributes = {
					200097CE2B827A26002BFB3F = {
						CreatedOnToolsVersion = 15.2;
					};
				};
			};
			buildConfigurationList = 200097CA2B827A26002BFB3F /* Build configuration list for PBXProject "Github Followers" */;
			compatibilityVersion = "Xcode 14.0";
			developmentRegion = en;
			hasScannedForEncodings = 0;
			knownRegions = (
				en,
				Base,
			);
			mainGroup = 200097C62B827A26002BFB3F;
			productRefGroup = 200097D02B827A26002BFB3F /* Products */;
			projectDirPath = "";
			projectRoot = "";
			targets = (
				200097CE2B827A26002BFB3F /* Github Followers */,
			);
		};
/* End PBXProject section */

/* Begin PBXResourcesBuildPhase section */
		200097CD2B827A26002BFB3F /* Resources */ = {
			isa = PBXResourcesBuildPhase;
			buildActionMask = 2147483647;
			files = (
				200097DF2B827A27002BFB3F /* LaunchScreen.storyboard in Resources */,
				200097DC2B827A27002BFB3F /* Assets.xcassets in Resources */,
			);
			runOnlyForDeploymentPostprocessing = 0;
		};
/* End PBXResourcesBuildPhase section */

/* Begin PBXSourcesBuildPhase section */
		200097CB2B827A26002BFB3F /* Sources */ = {
			isa = PBXSourcesBuildPhase;
			buildActionMask = 2147483647;
			files = (
				202CED232B8AB8B500477AB5 /* GFError.swift in Sources */,
				20A3259F2B83DE0200D741C0 /* GFTextField.swift in Sources */,
				20A3259B2B83D3C600D741C0 /* FavoritesListVC.swift in Sources */,
				208F74B82BB6069900BB54F0 /* String+Ext.swift in Sources */,
				201F8A2B2BB103F500897744 /* GFUserInfoHeaderVC.swift in Sources */,
				20E400B62B84CCD600855414 /* UIViewController+Ext.swift in Sources */,
				20A3259D2B83DAAD00D741C0 /* GFButton.swift in Sources */,
				208A07EF2BB244A100F8FEB2 /* GFItemInfoVC.swift in Sources */,
				207CE0602BACB2E600ED19B4 /* GFEmptyStateView.swift in Sources */,
				201F8A2D2BB1055400897744 /* GFSecondaryTitleLabel.swift in Sources */,
				200097D72B827A26002BFB3F /* SearchVC.swift in Sources */,
				20A325A12B83E30E00D741C0 /* Constants.swift in Sources */,
				208A07F32BB24A0100F8FEB2 /* GFFollowerItemVC.swift in Sources */,
				208A07ED2BB23DE100F8FEB2 /* GFItemInfoView.swift in Sources */,
				2067B5722BBB55F900817858 /* FavoriteCell.swift in Sources */,
				20C1F4A42BAB63A000F01A23 /* FollowerCell.swift in Sources */,
				20C1F4A62BAB642F00F01A23 /* GFAvatarImageView.swift in Sources */,
				20A25CC22B88323E00F3FEE7 /* User.swift in Sources */,
				201F8A292BB0F62400897744 /* UserInfoVC.swift in Sources */,
				20E400B42B84C4B300855414 /* GFAlertVC.swift in Sources */,
				20A25CC02B88315000F3FEE7 /* Follower.swift in Sources */,
				208F74B62BB6063C00BB54F0 /* Date+Ext.swift in Sources */,
				200097D32B827A26002BFB3F /* AppDelegate.swift in Sources */,
				20E400B02B84C28100855414 /* GFTitleLabel.swift in Sources */,
				20A325A32B83EABF00D741C0 /* FollowerListVC.swift in Sources */,
				20C1F4A82BAB72CC00F01A23 /* UIHelper.swift in Sources */,
				20A25CC52B883D9600F3FEE7 /* NetworkManager.swift in Sources */,
				200097D52B827A26002BFB3F /* SceneDelegate.swift in Sources */,
				208A07F12BB2492C00F8FEB2 /* GFRepoItemVC.swift in Sources */,
				20E400B22B84C3DD00855414 /* GFBodyLabel.swift in Sources */,
				2067B5702BBB43D900817858 /* PresistenceManager.swift in Sources */,
			);
			runOnlyForDeploymentPostprocessing = 0;
		};
/* End PBXSourcesBuildPhase section */

/* Begin PBXVariantGroup section */
		200097DD2B827A27002BFB3F /* LaunchScreen.storyboard */ = {
			isa = PBXVariantGroup;
			children = (
				200097DE2B827A27002BFB3F /* Base */,
			);
			name = LaunchScreen.storyboard;
			sourceTree = "<group>";
		};
/* End PBXVariantGroup section */

/* Begin XCBuildConfiguration section */
		200097E12B827A27002BFB3F /* Debug */ = {
			isa = XCBuildConfiguration;
			buildSettings = {
				ALWAYS_SEARCH_USER_PATHS = NO;
				ASSETCATALOG_COMPILER_GENERATE_SWIFT_ASSET_SYMBOL_EXTENSIONS = YES;
				CLANG_ANALYZER_NONNULL = YES;
				CLANG_ANALYZER_NUMBER_OBJECT_CONVERSION = YES_AGGRESSIVE;
				CLANG_CXX_LANGUAGE_STANDARD = "gnu++20";
				CLANG_ENABLE_MODULES = YES;
				CLANG_ENABLE_OBJC_ARC = YES;
				CLANG_ENABLE_OBJC_WEAK = YES;
				CLANG_WARN_BLOCK_CAPTURE_AUTORELEASING = YES;
				CLANG_WARN_BOOL_CONVERSION = YES;
				CLANG_WARN_COMMA = YES;
				CLANG_WARN_CONSTANT_CONVERSION = YES;
				CLANG_WARN_DEPRECATED_OBJC_IMPLEMENTATIONS = YES;
				CLANG_WARN_DIRECT_OBJC_ISA_USAGE = YES_ERROR;
				CLANG_WARN_DOCUMENTATION_COMMENTS = YES;
				CLANG_WARN_EMPTY_BODY = YES;
				CLANG_WARN_ENUM_CONVERSION = YES;
				CLANG_WARN_INFINITE_RECURSION = YES;
				CLANG_WARN_INT_CONVERSION = YES;
				CLANG_WARN_NON_LITERAL_NULL_CONVERSION = YES;
				CLANG_WARN_OBJC_IMPLICIT_RETAIN_SELF = YES;
				CLANG_WARN_OBJC_LITERAL_CONVERSION = YES;
				CLANG_WARN_OBJC_ROOT_CLASS = YES_ERROR;
				CLANG_WARN_QUOTED_INCLUDE_IN_FRAMEWORK_HEADER = YES;
				CLANG_WARN_RANGE_LOOP_ANALYSIS = YES;
				CLANG_WARN_STRICT_PROTOTYPES = YES;
				CLANG_WARN_SUSPICIOUS_MOVE = YES;
				CLANG_WARN_UNGUARDED_AVAILABILITY = YES_AGGRESSIVE;
				CLANG_WARN_UNREACHABLE_CODE = YES;
				CLANG_WARN__DUPLICATE_METHOD_MATCH = YES;
				COPY_PHASE_STRIP = NO;
				DEBUG_INFORMATION_FORMAT = dwarf;
				ENABLE_STRICT_OBJC_MSGSEND = YES;
				ENABLE_TESTABILITY = YES;
				ENABLE_USER_SCRIPT_SANDBOXING = YES;
				GCC_C_LANGUAGE_STANDARD = gnu17;
				GCC_DYNAMIC_NO_PIC = NO;
				GCC_NO_COMMON_BLOCKS = YES;
				GCC_OPTIMIZATION_LEVEL = 0;
				GCC_PREPROCESSOR_DEFINITIONS = (
					"DEBUG=1",
					"$(inherited)",
				);
				GCC_WARN_64_TO_32_BIT_CONVERSION = YES;
				GCC_WARN_ABOUT_RETURN_TYPE = YES_ERROR;
				GCC_WARN_UNDECLARED_SELECTOR = YES;
				GCC_WARN_UNINITIALIZED_AUTOS = YES_AGGRESSIVE;
				GCC_WARN_UNUSED_FUNCTION = YES;
				GCC_WARN_UNUSED_VARIABLE = YES;
				IPHONEOS_DEPLOYMENT_TARGET = 17.2;
				LOCALIZATION_PREFERS_STRING_CATALOGS = YES;
				MTL_ENABLE_DEBUG_INFO = INCLUDE_SOURCE;
				MTL_FAST_MATH = YES;
				ONLY_ACTIVE_ARCH = YES;
				SDKROOT = iphoneos;
				SWIFT_ACTIVE_COMPILATION_CONDITIONS = "DEBUG $(inherited)";
				SWIFT_OPTIMIZATION_LEVEL = "-Onone";
			};
			name = Debug;
		};
		200097E22B827A27002BFB3F /* Release */ = {
			isa = XCBuildConfiguration;
			buildSettings = {
				ALWAYS_SEARCH_USER_PATHS = NO;
				ASSETCATALOG_COMPILER_GENERATE_SWIFT_ASSET_SYMBOL_EXTENSIONS = YES;
				CLANG_ANALYZER_NONNULL = YES;
				CLANG_ANALYZER_NUMBER_OBJECT_CONVERSION = YES_AGGRESSIVE;
				CLANG_CXX_LANGUAGE_STANDARD = "gnu++20";
				CLANG_ENABLE_MODULES = YES;
				CLANG_ENABLE_OBJC_ARC = YES;
				CLANG_ENABLE_OBJC_WEAK = YES;
				CLANG_WARN_BLOCK_CAPTURE_AUTORELEASING = YES;
				CLANG_WARN_BOOL_CONVERSION = YES;
				CLANG_WARN_COMMA = YES;
				CLANG_WARN_CONSTANT_CONVERSION = YES;
				CLANG_WARN_DEPRECATED_OBJC_IMPLEMENTATIONS = YES;
				CLANG_WARN_DIRECT_OBJC_ISA_USAGE = YES_ERROR;
				CLANG_WARN_DOCUMENTATION_COMMENTS = YES;
				CLANG_WARN_EMPTY_BODY = YES;
				CLANG_WARN_ENUM_CONVERSION = YES;
				CLANG_WARN_INFINITE_RECURSION = YES;
				CLANG_WARN_INT_CONVERSION = YES;
				CLANG_WARN_NON_LITERAL_NULL_CONVERSION = YES;
				CLANG_WARN_OBJC_IMPLICIT_RETAIN_SELF = YES;
				CLANG_WARN_OBJC_LITERAL_CONVERSION = YES;
				CLANG_WARN_OBJC_ROOT_CLASS = YES_ERROR;
				CLANG_WARN_QUOTED_INCLUDE_IN_FRAMEWORK_HEADER = YES;
				CLANG_WARN_RANGE_LOOP_ANALYSIS = YES;
				CLANG_WARN_STRICT_PROTOTYPES = YES;
				CLANG_WARN_SUSPICIOUS_MOVE = YES;
				CLANG_WARN_UNGUARDED_AVAILABILITY = YES_AGGRESSIVE;
				CLANG_WARN_UNREACHABLE_CODE = YES;
				CLANG_WARN__DUPLICATE_METHOD_MATCH = YES;
				COPY_PHASE_STRIP = NO;
				DEBUG_INFORMATION_FORMAT = "dwarf-with-dsym";
				ENABLE_NS_ASSERTIONS = NO;
				ENABLE_STRICT_OBJC_MSGSEND = YES;
				ENABLE_USER_SCRIPT_SANDBOXING = YES;
				GCC_C_LANGUAGE_STANDARD = gnu17;
				GCC_NO_COMMON_BLOCKS = YES;
				GCC_WARN_64_TO_32_BIT_CONVERSION = YES;
				GCC_WARN_ABOUT_RETURN_TYPE = YES_ERROR;
				GCC_WARN_UNDECLARED_SELECTOR = YES;
				GCC_WARN_UNINITIALIZED_AUTOS = YES_AGGRESSIVE;
				GCC_WARN_UNUSED_FUNCTION = YES;
				GCC_WARN_UNUSED_VARIABLE = YES;
				IPHONEOS_DEPLOYMENT_TARGET = 17.2;
				LOCALIZATION_PREFERS_STRING_CATALOGS = YES;
				MTL_ENABLE_DEBUG_INFO = NO;
				MTL_FAST_MATH = YES;
				SDKROOT = iphoneos;
				SWIFT_COMPILATION_MODE = wholemodule;
				VALIDATE_PRODUCT = YES;
			};
			name = Release;
		};
		200097E42B827A27002BFB3F /* Debug */ = {
			isa = XCBuildConfiguration;
			buildSettings = {
				ASSETCATALOG_COMPILER_APPICON_NAME = AppIcon;
				ASSETCATALOG_COMPILER_GLOBAL_ACCENT_COLOR_NAME = AccentColor;
				CODE_SIGN_STYLE = Automatic;
				CURRENT_PROJECT_VERSION = 1;
				DEVELOPMENT_TEAM = WV24CA25AX;
				GENERATE_INFOPLIST_FILE = YES;
				INFOPLIST_FILE = "Github Followers/Info.plist";
				INFOPLIST_KEY_UIApplicationSupportsIndirectInputEvents = YES;
				INFOPLIST_KEY_UILaunchStoryboardName = LaunchScreen;
				INFOPLIST_KEY_UIMainStoryboardFile = "";
				INFOPLIST_KEY_UISupportedInterfaceOrientations = UIInterfaceOrientationPortrait;
				INFOPLIST_KEY_UISupportedInterfaceOrientations_iPad = "UIInterfaceOrientationLandscapeLeft UIInterfaceOrientationLandscapeRight UIInterfaceOrientationPortrait UIInterfaceOrientationPortraitUpsideDown";
				IPHONEOS_DEPLOYMENT_TARGET = 13.2;
				LD_RUNPATH_SEARCH_PATHS = (
					"$(inherited)",
					"@executable_path/Frameworks",
				);
				MARKETING_VERSION = 1.0;
				PRODUCT_BUNDLE_IDENTIFIER = "com.mohamedhany.Github-Followers";
				PRODUCT_NAME = "$(TARGET_NAME)";
				SUPPORTED_PLATFORMS = "iphoneos iphonesimulator";
				SUPPORTS_MACCATALYST = NO;
				SUPPORTS_MAC_DESIGNED_FOR_IPHONE_IPAD = NO;
				SUPPORTS_XR_DESIGNED_FOR_IPHONE_IPAD = NO;
				SWIFT_EMIT_LOC_STRINGS = YES;
				SWIFT_VERSION = 5.0;
				TARGETED_DEVICE_FAMILY = 1;
			};
			name = Debug;
		};
		200097E52B827A27002BFB3F /* Release */ = {
			isa = XCBuildConfiguration;
			buildSettings = {
				ASSETCATALOG_COMPILER_APPICON_NAME = AppIcon;
				ASSETCATALOG_COMPILER_GLOBAL_ACCENT_COLOR_NAME = AccentColor;
				CODE_SIGN_STYLE = Automatic;
				CURRENT_PROJECT_VERSION = 1;
				DEVELOPMENT_TEAM = WV24CA25AX;
				GENERATE_INFOPLIST_FILE = YES;
				INFOPLIST_FILE = "Github Followers/Info.plist";
				INFOPLIST_KEY_UIApplicationSupportsIndirectInputEvents = YES;
				INFOPLIST_KEY_UILaunchStoryboardName = LaunchScreen;
				INFOPLIST_KEY_UIMainStoryboardFile = "";
				INFOPLIST_KEY_UISupportedInterfaceOrientations = UIInterfaceOrientationPortrait;
				INFOPLIST_KEY_UISupportedInterfaceOrientations_iPad = "UIInterfaceOrientationLandscapeLeft UIInterfaceOrientationLandscapeRight UIInterfaceOrientationPortrait UIInterfaceOrientationPortraitUpsideDown";
				IPHONEOS_DEPLOYMENT_TARGET = 13.2;
				LD_RUNPATH_SEARCH_PATHS = (
					"$(inherited)",
					"@executable_path/Frameworks",
				);
				MARKETING_VERSION = 1.0;
				PRODUCT_BUNDLE_IDENTIFIER = "com.mohamedhany.Github-Followers";
				PRODUCT_NAME = "$(TARGET_NAME)";
				SUPPORTED_PLATFORMS = "iphoneos iphonesimulator";
				SUPPORTS_MACCATALYST = NO;
				SUPPORTS_MAC_DESIGNED_FOR_IPHONE_IPAD = NO;
				SUPPORTS_XR_DESIGNED_FOR_IPHONE_IPAD = NO;
				SWIFT_EMIT_LOC_STRINGS = YES;
				SWIFT_VERSION = 5.0;
				TARGETED_DEVICE_FAMILY = 1;
			};
			name = Release;
		};
/* End XCBuildConfiguration section */

/* Begin XCConfigurationList section */
		200097CA2B827A26002BFB3F /* Build configuration list for PBXProject "Github Followers" */ = {
			isa = XCConfigurationList;
			buildConfigurations = (
				200097E12B827A27002BFB3F /* Debug */,
				200097E22B827A27002BFB3F /* Release */,
			);
			defaultConfigurationIsVisible = 0;
			defaultConfigurationName = Release;
		};
		200097E32B827A27002BFB3F /* Build configuration list for PBXNativeTarget "Github Followers" */ = {
			isa = XCConfigurationList;
			buildConfigurations = (
				200097E42B827A27002BFB3F /* Debug */,
				200097E52B827A27002BFB3F /* Release */,
			);
			defaultConfigurationIsVisible = 0;
			defaultConfigurationName = Release;
		};
/* End XCConfigurationList section */
	};
	rootObject = 200097C72B827A26002BFB3F /* Project object */;
}
